
Microsoft Visual Studio Solution File, Format Version 12.00
# Visual Studio Version 17
VisualStudioVersion = 17.14.36705.20
MinimumVisualStudioVersion = 10.0.40219.1
Project("{FAE04EC0-301F-11D3-BF4B-00C04F79EFBC}") = "Practical.MultipleAuthenticationSchemes.Api", "Practical.MultipleAuthenticationSchemes.Api\Practical.MultipleAuthenticationSchemes.Api.csproj", "{04DCD3F1-AB39-42B2-8707-985D3560523A}"
EndProject
Global
	GlobalSection(SolutionConfigurationPlatforms) = preSolution
		Debug|Any CPU = Debug|Any CPU
		Release|Any CPU = Release|Any CPU
	EndGlobalSection
	GlobalSection(ProjectConfigurationPlatforms) = postSolution
		{04DCD3F1-AB39-42B2-8707-985D3560523A}.Debug|Any CPU.ActiveCfg = Debug|Any CPU
		{04DCD3F1-AB39-42B2-8707-985D3560523A}.Debug|Any CPU.Build.0 = Debug|Any CPU
		{04DCD3F1-AB39-42B2-8707-985D3560523A}.Release|Any CPU.ActiveCfg = Release|Any CPU
		{04DCD3F1-AB39-42B2-8707-985D3560523A}.Release|Any CPU.Build.0 = Release|Any CPU
	EndGlobalSection
	GlobalSection(SolutionProperties) = preSolution
		HideSolutionNode = FALSE
	EndGlobalSection
	GlobalSection(ExtensibilityGlobals) = postSolution
		SolutionGuid = {5ECEBADE-FCCD-43A4-80F3-638C0A67BAA0}
	EndGlobalSection
EndGlobal
